
Microsoft Visual Studio Solution File, Format Version 12.00
# Visual Studio Version 17
VisualStudioVersion = 17.4.33403.182
MinimumVisualStudioVersion = 10.0.40219.1
Project("{9A19103F-16F7-4668-BE54-9A1E7A4F7556}") = "Todo-Cosmos-Db-Test.Server", "Todo-Cosmos-Db-Test\Server\Todo-Cosmos-Db-Test.Server.csproj", "{37AF2DAB-7FD4-4563-BDAB-DEA0FEB11C9F}"
EndProject
Project("{9A19103F-16F7-4668-BE54-9A1E7A4F7556}") = "Todo-Cosmos-Db-Test.Client", "Todo-Cosmos-Db-Test\Client\Todo-Cosmos-Db-Test.Client.csproj", "{2A92D4BF-F5C3-488A-B5FA-053D61C72B78}"
EndProject
Project("{9A19103F-16F7-4668-BE54-9A1E7A4F7556}") = "Todo-Cosmos-Db-Test.Shared", "Todo-Cosmos-Db-Test\Shared\Todo-Cosmos-Db-Test.Shared.csproj", "{51C8D8FB-5D4F-4601-8615-EE2CE0D2EE6F}"
EndProject
Project("{9A19103F-16F7-4668-BE54-9A1E7A4F7556}") = "Todo-Cosmos-Db-Test.Rcl", "Todo-Cosmos-Db-Test\Rcl\Todo-Cosmos-Db-Test.Rcl.csproj", "{DF7EB229-2FC4-4E93-8290-FF0DB685976D}"
EndProject
Project("{2150E333-8FDC-42A3-9474-1A3956D46DE8}") = "Solution Items", "Solution Items", "{0F55A79F-1B3C-4236-8A3C-AD797468BE0A}"
	ProjectSection(SolutionItems) = preProject
		.editorconfig = .editorconfig
		global.json = global.json
	EndProjectSection
EndProject
Global
	GlobalSection(SolutionConfigurationPlatforms) = preSolution
		Debug|Any CPU = Debug|Any CPU
		Release|Any CPU = Release|Any CPU
	EndGlobalSection
	GlobalSection(ProjectConfigurationPlatforms) = postSolution
		{37AF2DAB-7FD4-4563-BDAB-DEA0FEB11C9F}.Debug|Any CPU.ActiveCfg = Debug|Any CPU
		{37AF2DAB-7FD4-4563-BDAB-DEA0FEB11C9F}.Debug|Any CPU.Build.0 = Debug|Any CPU
		{37AF2DAB-7FD4-4563-BDAB-DEA0FEB11C9F}.Release|Any CPU.ActiveCfg = Release|Any CPU
		{37AF2DAB-7FD4-4563-BDAB-DEA0FEB11C9F}.Release|Any CPU.Build.0 = Release|Any CPU
		{2A92D4BF-F5C3-488A-B5FA-053D61C72B78}.Debug|Any CPU.ActiveCfg = Debug|Any CPU
		{2A92D4BF-F5C3-488A-B5FA-053D61C72B78}.Debug|Any CPU.Build.0 = Debug|Any CPU
		{2A92D4BF-F5C3-488A-B5FA-053D61C72B78}.Release|Any CPU.ActiveCfg = Release|Any CPU
		{2A92D4BF-F5C3-488A-B5FA-053D61C72B78}.Release|Any CPU.Build.0 = Release|Any CPU
		{51C8D8FB-5D4F-4601-8615-EE2CE0D2EE6F}.Debug|Any CPU.ActiveCfg = Debug|Any CPU
		{51C8D8FB-5D4F-4601-8615-EE2CE0D2EE6F}.Debug|Any CPU.Build.0 = Debug|Any CPU
		{51C8D8FB-5D4F-4601-8615-EE2CE0D2EE6F}.Release|Any CPU.ActiveCfg = Release|Any CPU
		{51C8D8FB-5D4F-4601-8615-EE2CE0D2EE6F}.Release|Any CPU.Build.0 = Release|Any CPU
		{DF7EB229-2FC4-4E93-8290-FF0DB685976D}.Debug|Any CPU.ActiveCfg = Debug|Any CPU
		{DF7EB229-2FC4-4E93-8290-FF0DB685976D}.Debug|Any CPU.Build.0 = Debug|Any CPU
		{DF7EB229-2FC4-4E93-8290-FF0DB685976D}.Release|Any CPU.ActiveCfg = Release|Any CPU
		{DF7EB229-2FC4-4E93-8290-FF0DB685976D}.Release|Any CPU.Build.0 = Release|Any CPU
	EndGlobalSection
	GlobalSection(SolutionProperties) = preSolution
		HideSolutionNode = FALSE
	EndGlobalSection
	GlobalSection(ExtensibilityGlobals) = postSolution
		SolutionGuid = {DD016BEE-318A-4683-9DBB-7EE89B2D2DBF}
	EndGlobalSection
EndGlobal
